
Microsoft Visual Studio Solution File, Format Version 12.00
Project("{FAE04EC0-301F-11D3-BF4B-00C04F79EFBC}") = "DrPoro", "DrPoro.csproj", "{2AF4764E-2994-4621-9BF7-A654465B8CAD}"
EndProject
Project("{2150E333-8FDC-42A3-9474-1A3956D46DE8}") = "Solution Items", "Solution Items", "{2F5124FD-5CF1-4858-BE16-00A901588C3D}"
	ProjectSection(SolutionItems) = preProject
		compose.yaml = compose.yaml
	EndProjectSection
EndProject
Global
	GlobalSection(SolutionConfigurationPlatforms) = preSolution
		Debug|Any CPU = Debug|Any CPU
		Release|Any CPU = Release|Any CPU
	EndGlobalSection
	GlobalSection(ProjectConfigurationPlatforms) = postSolution
		{2AF4764E-2994-4621-9BF7-A654465B8CAD}.Debug|Any CPU.ActiveCfg = Debug|Any CPU
		{2AF4764E-2994-4621-9BF7-A654465B8CAD}.Debug|Any CPU.Build.0 = Debug|Any CPU
		{2AF4764E-2994-4621-9BF7-A654465B8CAD}.Release|Any CPU.ActiveCfg = Release|Any CPU
		{2AF4764E-2994-4621-9BF7-A654465B8CAD}.Release|Any CPU.Build.0 = Release|Any CPU
	EndGlobalSection
EndGlobal
